github.com/sashabaranov/go-openai v1.41.2 h1:vfPRBZNMpnqu8ELsclWcAvF19lDNgh1t6TVfFFOPiSM=
github.com/sashabaranov/go-openai v1.41.2/go.mod h1:lj5b/K+zjTSFxVLijLSTDZuP7adOgerWeFyZLUhAKRg=
github.com/xhd2015/less-flags v1.0.0 h1:ay8YG0WSXn59CAwBYUcAsq7l+mUwDEMUqaW/Fy0ZoCM=
github.com/xhd2015/less-flags v1.0.0/go.mod h1:HGGM7JrrfZm/RvmxBQT96jF916m9UQE8vELpejQaoIo=
