github.com/xhd2015/dot-pkgs/go-pkgs v0.0.5 h1:zpNmKDrjb7UDasP6Jk3wCneuu8eqP3RXefdy5cgvYJ8=
github.com/xhd2015/dot-pkgs/go-pkgs v0.0.5/go.mod h1:RX2JN+DBKCSSZB+TmU7AhBhSHkPDstZW0g3nyFXdsoM=
github.com/xhd2015/less-flags v1.0.0 h1:ay8YG0WSXn59CAwBYUcAsq7l+mUwDEMUqaW/Fy0ZoCM=
github.com/xhd2015/less-flags v1.0.0/go.mod h1:HGGM7JrrfZm/RvmxBQT96jF916m9UQE8vELpejQaoIo=
github.com/xhd2015/lls v0.0.9 h1:jE1jAbkrcRXCl2ZSLbO9SZfAfqDa52gNXPBRzzQaCrs=
github.com/xhd2015/lls v0.0.9/go.mod h1:+apFkQgvVXgO4S8/+ljANKZZzM3LDk78nPTgAYTPNCY=
